{
  "name": "cedar-actions",
  "version": "1.0.0",
  "lockfileVersion": 3,
  "requires": true,
  "packages": {
    "": {
      "name": "cedar-actions",
      "version": "1.0.0",
      "license": "ISC",
      "dependencies": {
        "@cedar-policy/cedar-wasm": "^4.13.0"
      }
    },
    "node_modules/@cedar-policy/cedar-wasm": {
      "version": "4.13.0",
      "resolved": "https://registry.npmjs.org/@cedar-policy/cedar-wasm/-/cedar-wasm-4.13.0.tgz",
      "integrity": "sha512-1omEd/J0c7RjcfSUWiXZc6zk6XUs1IuY7Yk9TVysoKV/LpFWIk45RpjvRFVioPUR3RQmgA/DaqKhK3pucbBx1A==",
      "license": "Apache-2.0"
    }
  }
}
